
Microsoft Visual Studio Solution File, Format Version 12.00
Project("{FAE04EC0-301F-11D3-BF4B-00C04F79EFBC}") = "Kolokwium2GrupaA", "Kolokwium2GrupaA\Kolokwium2GrupaA.csproj", "{D4AF0452-7251-400C-9820-535491E3C7D6}"
EndProject
Global
	GlobalSection(SolutionConfigurationPlatforms) = preSolution
		Debug|Any CPU = Debug|Any CPU
		Release|Any CPU = Release|Any CPU
	EndGlobalSection
	GlobalSection(ProjectConfigurationPlatforms) = postSolution
		{D4AF0452-7251-400C-9820-535491E3C7D6}.Debug|Any CPU.ActiveCfg = Debug|Any CPU
		{D4AF0452-7251-400C-9820-535491E3C7D6}.Debug|Any CPU.Build.0 = Debug|Any CPU
		{D4AF0452-7251-400C-9820-535491E3C7D6}.Release|Any CPU.ActiveCfg = Release|Any CPU
		{D4AF0452-7251-400C-9820-535491E3C7D6}.Release|Any CPU.Build.0 = Release|Any CPU
	EndGlobalSection
EndGlobal
